// !$*UTF8*$!
{
	archiveVersion = 1;
	classes = {
	};
	objectVersion = 46;
	objects = {

/* Begin PBXBuildFile section */
		0910BD5E1E296629006B25AE /* telefono.png in Resources */ = {isa = PBXBuildFile; fileRef = 0910BD5D1E296629006B25AE /* telefono.png */; };
		0910BD601E296EED006B25AE /* ContactosDos.plist in Resources */ = {isa = PBXBuildFile; fileRef = 0910BD5F1E296EED006B25AE /* ContactosDos.plist */; };
		0910BD631E2970F7006B25AE /* IP.jpg in Resources */ = {isa = PBXBuildFile; fileRef = 0910BD611E2970F7006B25AE /* IP.jpg */; };
		0910BD641E2970F7006B25AE /* MB.jpg in Resources */ = {isa = PBXBuildFile; fileRef = 0910BD621E2970F7006B25AE /* MB.jpg */; };
		0910BD661E2972AC006B25AE /* CICContactosCustomCellTres.swift in Sources */ = {isa = PBXBuildFile; fileRef = 0910BD651E2972AC006B25AE /* CICContactosCustomCellTres.swift */; };
		0910BD681E297374006B25AE /* CICContactosCustomCellDos.swift in Sources */ = {isa = PBXBuildFile; fileRef = 0910BD671E297374006B25AE /* CICContactosCustomCellDos.swift */; };
		09D1A2171E294FE300C090A5 /* AppDelegate.swift in Sources */ = {isa = PBXBuildFile; fileRef = 09D1A2161E294FE300C090A5 /* AppDelegate.swift */; };
		09D1A21C1E294FE300C090A5 /* Main.storyboard in Resources */ = {isa = PBXBuildFile; fileRef = 09D1A21A1E294FE300C090A5 /* Main.storyboard */; };
		09D1A21E1E294FE300C090A5 /* Assets.xcassets in Resources */ = {isa = PBXBuildFile; fileRef = 09D1A21D1E294FE300C090A5 /* Assets.xcassets */; };
		09D1A2211E294FE300C090A5 /* LaunchScreen.storyboard in Resources */ = {isa = PBXBuildFile; fileRef = 09D1A21F1E294FE300C090A5 /* LaunchScreen.storyboard */; };
		09D1A2291E29564300C090A5 /* CICListaContactosTableViewController.swift in Sources */ = {isa = PBXBuildFile; fileRef = 09D1A2281E29564300C090A5 /* CICListaContactosTableViewController.swift */; };
		09D1A22B1E29566300C090A5 /* CICDetalleViewController.swift in Sources */ = {isa = PBXBuildFile; fileRef = 09D1A22A1E29566300C090A5 /* CICDetalleViewController.swift */; };
		09D1A22D1E2956AE00C090A5 /* CICContactosCustomCellTableViewCell.swift in Sources */ = {isa = PBXBuildFile; fileRef = 09D1A22C1E2956AE00C090A5 /* CICContactosCustomCellTableViewCell.swift */; };
		09D1A2311E29599100C090A5 /* Contactos.plist in Resources */ = {isa = PBXBuildFile; fileRef = 09D1A2301E29599100C090A5 /* Contactos.plist */; };
		09D1A2341E295BA800C090A5 /* BO.jpg in Resources */ = {isa = PBXBuildFile; fileRef = 09D1A2321E295BA800C090A5 /* BO.jpg */; };
		09D1A2351E295BA800C090A5 /* TS.jpg in Resources */ = {isa = PBXBuildFile; fileRef = 09D1A2331E295BA800C090A5 /* TS.jpg */; };
/* End PBXBuildFile section */

/* Begin PBXFileReference section */
		0910BD5D1E296629006B25AE /* telefono.png */ = {isa = PBXFileReference; lastKnownFileType = image.png; path = telefono.png; sourceTree = "<group>"; };
		0910BD5F1E296EED006B25AE /* ContactosDos.plist */ = {isa = PBXFileReference; fileEncoding = 4; lastKnownFileType = text.plist.xml; path = ContactosDos.plist; sourceTree = "<group>"; };
		0910BD611E2970F7006B25AE /* IP.jpg */ = {isa = PBXFileReference; lastKnownFileType = image.jpeg; path = IP.jpg; sourceTree = "<group>"; };
		0910BD621E2970F7006B25AE /* MB.jpg */ = {isa = PBXFileReference; lastKnownFileType = image.jpeg; path = MB.jpg; sourceTree = "<group>"; };
		0910BD651E2972AC006B25AE /* CICContactosCustomCellTres.swift */ = {isa = PBXFileReference; fileEncoding = 4; lastKnownFileType = sourcecode.swift; path = CICContactosCustomCellTres.swift; sourceTree = "<group>"; };
		0910BD671E297374006B25AE /* CICContactosCustomCellDos.swift */ = {isa = PBXFileReference; fileEncoding = 4; lastKnownFileType = sourcecode.swift; path = CICContactosCustomCellDos.swift; sourceTree = "<group>"; };
		09D1A2131E294FE300C090A5 /* AppTestTableViewMasterDetail.app */ = {isa = PBXFileReference; explicitFileType = wrapper.application; includeInIndex = 0; path = AppTestTableViewMasterDetail.app; sourceTree = BUILT_PRODUCTS_DIR; };
		09D1A2161E294FE300C090A5 /* AppDelegate.swift */ = {isa = PBXFileReference; lastKnownFileType = sourcecode.swift; path = AppDelegate.swift; sourceTree = "<group>"; };
		09D1A21B1E294FE300C090A5 /* Base */ = {isa = PBXFileReference; lastKnownFileType = file.storyboard; name = Base; path = Base.lproj/Main.storyboard; sourceTree = "<group>"; };
		09D1A21D1E294FE300C090A5 /* Assets.xcassets */ = {isa = PBXFileReference; lastKnownFileType = folder.assetcatalog; path = Assets.xcassets; sourceTree = "<group>"; };
		09D1A2201E294FE300C090A5 /* Base */ = {isa = PBXFileReference; lastKnownFileType = file.storyboard; name = Base; path = Base.lproj/LaunchScreen.storyboard; sourceTree = "<group>"; };
		09D1A2221E294FE300C090A5 /* Info.plist */ = {isa = PBXFileReference; lastKnownFileType = text.plist.xml; path = Info.plist; sourceTree = "<group>"; };
		09D1A2281E29564300C090A5 /* CICListaContactosTableViewController.swift */ = {isa = PBXFileReference; fileEncoding = 4; lastKnownFileType = sourcecode.swift; path = CICListaContactosTableViewController.swift; sourceTree = "<group>"; };
		09D1A22A1E29566300C090A5 /* CICDetalleViewController.swift */ = {isa = PBXFileReference; fileEncoding = 4; lastKnownFileType = sourcecode.swift; path = CICDetalleViewController.swift; sourceTree = "<group>"; };
		09D1A22C1E2956AE00C090A5 /* CICContactosCustomCellTableViewCell.swift */ = {isa = PBXFileReference; fileEncoding = 4; lastKnownFileType = sourcecode.swift; path = CICContactosCustomCellTableViewCell.swift; sourceTree = "<group>"; };
		09D1A2301E29599100C090A5 /* Contactos.plist */ = {isa = PBXFileReference; fileEncoding = 4; lastKnownFileType = text.plist.xml; path = Contactos.plist; sourceTree = "<group>"; };
		09D1A2321E295BA800C090A5 /* BO.jpg */ = {isa = PBXFileReference; lastKnownFileType = image.jpeg; path = BO.jpg; sourceTree = "<group>"; };
		09D1A2331E295BA800C090A5 /* TS.jpg */ = {isa = PBXFileReference; lastKnownFileType = image.jpeg; path = TS.jpg; sourceTree = "<group>"; };
/* End PBXFileReference section */

/* Begin PBXFrameworksBuildPhase section */
		09D1A2101E294FE300C090A5 /* Frameworks */ = {
			isa = PBXFrameworksBuildPhase;
			buildActionMask = 2147483647;
			files = (
			);
			runOnlyForDeploymentPostprocessing = 0;
		};
/* End PBXFrameworksBuildPhase section */

/* Begin PBXGroup section */
		09D1A20A1E294FE300C090A5 = {
			isa = PBXGroup;
			children = (
				09D1A2151E294FE300C090A5 /* AppTestTableViewMasterDetail */,
				09D1A2141E294FE300C090A5 /* Products */,
			);
			sourceTree = "<group>";
		};
		09D1A2141E294FE300C090A5 /* Products */ = {
			isa = PBXGroup;
			children = (
				09D1A2131E294FE300C090A5 /* AppTestTableViewMasterDetail.app */,
			);
			name = Products;
			sourceTree = "<group>";
		};
		09D1A2151E294FE300C090A5 /* AppTestTableViewMasterDetail */ = {
			isa = PBXGroup;
			children = (
				09D1A2361E295BB000C090A5 /* IMAGES */,
				09D1A2161E294FE300C090A5 /* AppDelegate.swift */,
				09D1A22E1E2956B600C090A5 /* VIEWS_Controllers */,
				09D1A21A1E294FE300C090A5 /* Main.storyboard */,
				09D1A21D1E294FE300C090A5 /* Assets.xcassets */,
				09D1A21F1E294FE300C090A5 /* LaunchScreen.storyboard */,
				09D1A2221E294FE300C090A5 /* Info.plist */,
				09D1A2301E29599100C090A5 /* Contactos.plist */,
				0910BD5F1E296EED006B25AE /* ContactosDos.plist */,
			);
			path = AppTestTableViewMasterDetail;
			sourceTree = "<group>";
		};
		09D1A22E1E2956B600C090A5 /* VIEWS_Controllers */ = {
			isa = PBXGroup;
			children = (
				09D1A2281E29564300C090A5 /* CICListaContactosTableViewController.swift */,
				09D1A22A1E29566300C090A5 /* CICDetalleViewController.swift */,
				09D1A22F1E2956D100C090A5 /* CUSTOMS_Cells */,
			);
			name = VIEWS_Controllers;
			sourceTree = "<group>";
		};
		09D1A22F1E2956D100C090A5 /* CUSTOMS_Cells */ = {
			isa = PBXGroup;
			children = (
				09D1A22C1E2956AE00C090A5 /* CICContactosCustomCellTableViewCell.swift */,
				0910BD671E297374006B25AE /* CICContactosCustomCellDos.swift */,
				0910BD651E2972AC006B25AE /* CICContactosCustomCellTres.swift */,
			);
			name = CUSTOMS_Cells;
			sourceTree = "<group>";
		};
		09D1A2361E295BB000C090A5 /* IMAGES */ = {
			isa = PBXGroup;
			children = (
				09D1A2321E295BA800C090A5 /* BO.jpg */,
				09D1A2331E295BA800C090A5 /* TS.jpg */,
				0910BD611E2970F7006B25AE /* IP.jpg */,
				0910BD621E2970F7006B25AE /* MB.jpg */,
				0910BD5D1E296629006B25AE /* telefono.png */,
			);
			name = IMAGES;
			sourceTree = "<group>";
		};
/* End PBXGroup section */

/* Begin PBXNativeTarget section */
		09D1A2121E294FE300C090A5 /* AppTestTableViewMasterDetail */ = {
			isa = PBXNativeTarget;
			buildConfigurationList = 09D1A2251E294FE300C090A5 /* Build configuration list for PBXNativeTarget "AppTestTableViewMasterDetail" */;
			buildPhases = (
				09D1A20F1E294FE300C090A5 /* Sources */,
				09D1A2101E294FE300C090A5 /* Frameworks */,
				09D1A2111E294FE300C090A5 /* Resources */,
			);
			buildRules = (
			);
			dependencies = (
			);
			name = AppTestTableViewMasterDetail;
			productName = AppTestTableViewMasterDetail;
			productReference = 09D1A2131E294FE300C090A5 /* AppTestTableViewMasterDetail.app */;
			productType = "com.apple.product-type.application";
		};
/* End PBXNativeTarget section */

/* Begin PBXProject section */
		09D1A20B1E294FE300C090A5 /* Project object */ = {
			isa = PBXProject;
			attributes = {
				LastSwiftUpdateCheck = 0800;
				LastUpgradeCheck = 0800;
				ORGANIZATIONNAME = cice;
				TargetAttributes = {
					09D1A2121E294FE300C090A5 = {
						CreatedOnToolsVersion = 8.0;
						DevelopmentTeam = X85M3GJSM3;
						ProvisioningStyle = Automatic;
					};
				};
			};
			buildConfigurationList = 09D1A20E1E294FE300C090A5 /* Build configuration list for PBXProject "AppTestTableViewMasterDetail" */;
			compatibilityVersion = "Xcode 3.2";
			developmentRegion = English;
			hasScannedForEncodings = 0;
			knownRegions = (
				en,
				Base,
			);
			mainGroup = 09D1A20A1E294FE300C090A5;
			productRefGroup = 09D1A2141E294FE300C090A5 /* Products */;
			projectDirPath = "";
			projectRoot = "";
			targets = (
				09D1A2121E294FE300C090A5 /* AppTestTableViewMasterDetail */,
			);
		};
/* End PBXProject section */

/* Begin PBXResourcesBuildPhase section */
		09D1A2111E294FE300C090A5 /* Resources */ = {
			isa = PBXResourcesBuildPhase;
			buildActionMask = 2147483647;
			files = (
				0910BD641E2970F7006B25AE /* MB.jpg in Resources */,
				0910BD601E296EED006B25AE /* ContactosDos.plist in Resources */,
				09D1A2341E295BA800C090A5 /* BO.jpg in Resources */,
				09D1A2211E294FE300C090A5 /* LaunchScreen.storyboard in Resources */,
				09D1A21E1E294FE300C090A5 /* Assets.xcassets in Resources */,
				09D1A21C1E294FE300C090A5 /* Main.storyboard in Resources */,
				0910BD631E2970F7006B25AE /* IP.jpg in Resources */,
				0910BD5E1E296629006B25AE /* telefono.png in Resources */,
				09D1A2351E295BA800C090A5 /* TS.jpg in Resources */,
				09D1A2311E29599100C090A5 /* Contactos.plist in Resources */,
			);
			runOnlyForDeploymentPostprocessing = 0;
		};
/* End PBXResourcesBuildPhase section */

/* Begin PBXSourcesBuildPhase section */
		09D1A20F1E294FE300C090A5 /* Sources */ = {
			isa = PBXSourcesBuildPhase;
			buildActionMask = 2147483647;
			files = (
				0910BD661E2972AC006B25AE /* CICContactosCustomCellTres.swift in Sources */,
				09D1A2291E29564300C090A5 /* CICListaContactosTableViewController.swift in Sources */,
				09D1A2171E294FE300C090A5 /* AppDelegate.swift in Sources */,
				09D1A22B1E29566300C090A5 /* CICDetalleViewController.swift in Sources */,
				0910BD681E297374006B25AE /* CICContactosCustomCellDos.swift in Sources */,
				09D1A22D1E2956AE00C090A5 /* CICContactosCustomCellTableViewCell.swift in Sources */,
			);
			runOnlyForDeploymentPostprocessing = 0;
		};
/* End PBXSourcesBuildPhase section */

/* Begin PBXVariantGroup section */
		09D1A21A1E294FE300C090A5 /* Main.storyboard */ = {
			isa = PBXVariantGroup;
			children = (
				09D1A21B1E294FE300C090A5 /* Base */,
			);
			name = Main.storyboard;
			sourceTree = "<group>";
		};
		09D1A21F1E294FE300C090A5 /* LaunchScreen.storyboard */ = {
			isa = PBXVariantGroup;
			children = (
				09D1A2201E294FE300C090A5 /* Base */,
			);
			name = LaunchScreen.storyboard;
			sourceTree = "<group>";
		};
/* End PBXVariantGroup section */

/* Begin XCBuildConfiguration section */
		09D1A2231E294FE300C090A5 /* Debug */ = {
			isa = XCBuildConfiguration;
			buildSettings = {
				ALWAYS_SEARCH_USER_PATHS = NO;
				CLANG_ANALYZER_NONNULL = YES;
				CLANG_CXX_LANGUAGE_STANDARD = "gnu++0x";
				CLANG_CXX_LIBRARY = "libc++";
				CLANG_ENABLE_MODULES = YES;
				CLANG_ENABLE_OBJC_ARC = YES;
				CLANG_WARN_BOOL_CONVERSION = YES;
				CLANG_WARN_CONSTANT_CONVERSION = YES;
				CLANG_WARN_DIRECT_OBJC_ISA_USAGE = YES_ERROR;
				CLANG_WARN_DOCUMENTATION_COMMENTS = YES;
				CLANG_WARN_EMPTY_BODY = YES;
				CLANG_WARN_ENUM_CONVERSION = YES;
				CLANG_WARN_INFINITE_RECURSION = YES;
				CLANG_WARN_INT_CONVERSION = YES;
				CLANG_WARN_OBJC_ROOT_CLASS = YES_ERROR;
				CLANG_WARN_SUSPICIOUS_MOVES = YES;
				CLANG_WARN_UNREACHABLE_CODE = YES;
				CLANG_WARN__DUPLICATE_METHOD_MATCH = YES;
				"CODE_SIGN_IDENTITY[sdk=iphoneos*]" = "iPhone Developer";
				COPY_PHASE_STRIP = NO;
				DEBUG_INFORMATION_FORMAT = dwarf;
				ENABLE_STRICT_OBJC_MSGSEND = YES;
				ENABLE_TESTABILITY = YES;
				GCC_C_LANGUAGE_STANDARD = gnu99;
				GCC_DYNAMIC_NO_PIC = NO;
				GCC_NO_COMMON_BLOCKS = YES;
				GCC_OPTIMIZATION_LEVEL = 0;
				GCC_PREPROCESSOR_DEFINITIONS = (
					"DEBUG=1",
					"$(inherited)",
				);
				GCC_WARN_64_TO_32_BIT_CONVERSION = YES;
				GCC_WARN_ABOUT_RETURN_TYPE = YES_ERROR;
				GCC_WARN_UNDECLARED_SELECTOR = YES;
				GCC_WARN_UNINITIALIZED_AUTOS = YES_AGGRESSIVE;
				GCC_WARN_UNUSED_FUNCTION = YES;
				GCC_WARN_UNUSED_VARIABLE = YES;
				IPHONEOS_DEPLOYMENT_TARGET = 10.0;
				MTL_ENABLE_DEBUG_INFO = YES;
				ONLY_ACTIVE_ARCH = YES;
				SDKROOT = iphoneos;
				SWIFT_ACTIVE_COMPILATION_CONDITIONS = DEBUG;
				SWIFT_OPTIMIZATION_LEVEL = "-Onone";
			};
			name = Debug;
		};
		09D1A2241E294FE300C090A5 /* Release */ = {
			isa = XCBuildConfiguration;
			buildSettings = {
				ALWAYS_SEARCH_USER_PATHS = NO;
				CLANG_ANALYZER_NONNULL = YES;
				CLANG_CXX_LANGUAGE_STANDARD = "gnu++0x";
				CLANG_CXX_LIBRARY = "libc++";
				CLANG_ENABLE_MODULES = YES;
				CLANG_ENABLE_OBJC_ARC = YES;
				CLANG_WARN_BOOL_CONVERSION = YES;
				CLANG_WARN_CONSTANT_CONVERSION = YES;
				CLANG_WARN_DIRECT_OBJC_ISA_USAGE = YES_ERROR;
				CLANG_WARN_DOCUMENTATION_COMMENTS = YES;
				CLANG_WARN_EMPTY_BODY = YES;
				CLANG_WARN_ENUM_CONVERSION = YES;
				CLANG_WARN_INFINITE_RECURSION = YES;
				CLANG_WARN_INT_CONVERSION = YES;
				CLANG_WARN_OBJC_ROOT_CLASS = YES_ERROR;
				CLANG_WARN_SUSPICIOUS_MOVES = YES;
				CLANG_WARN_UNREACHABLE_CODE = YES;
				CLANG_WARN__DUPLICATE_METHOD_MATCH = YES;
				"CODE_SIGN_IDENTITY[sdk=iphoneos*]" = "iPhone Developer";
				COPY_PHASE_STRIP = NO;
				DEBUG_INFORMATION_FORMAT = "dwarf-with-dsym";
				ENABLE_NS_ASSERTIONS = NO;
				ENABLE_STRICT_OBJC_MSGSEND = YES;
				GCC_C_LANGUAGE_STANDARD = gnu99;
				GCC_NO_COMMON_BLOCKS = YES;
				GCC_WARN_64_TO_32_BIT_CONVERSION = YES;
				GCC_WARN_ABOUT_RETURN_TYPE = YES_ERROR;
				GCC_WARN_UNDECLARED_SELECTOR = YES;
				GCC_WARN_UNINITIALIZED_AUTOS = YES_AGGRESSIVE;
				GCC_WARN_UNUSED_FUNCTION = YES;
				GCC_WARN_UNUSED_VARIABLE = YES;
				IPHONEOS_DEPLOYMENT_TARGET = 10.0;
				MTL_ENABLE_DEBUG_INFO = NO;
				SDKROOT = iphoneos;
				SWIFT_OPTIMIZATION_LEVEL = "-Owholemodule";
				VALIDATE_PRODUCT = YES;
			};
			name = Release;
		};
		09D1A2261E294FE300C090A5 /* Debug */ = {
			isa = XCBuildConfiguration;
			buildSettings = {
				ASSETCATALOG_COMPILER_APPICON_NAME = AppIcon;
				DEVELOPMENT_TEAM = X85M3GJSM3;
				INFOPLIST_FILE = AppTestTableViewMasterDetail/Info.plist;
				LD_RUNPATH_SEARCH_PATHS = "$(inherited) @executable_path/Frameworks";
				PRODUCT_BUNDLE_IDENTIFIER = com.cice.gmbdesigns.ios.AppTestTableViewMasterDetail;
				PRODUCT_NAME = "$(TARGET_NAME)";
				SWIFT_VERSION = 3.0;
			};
			name = Debug;
		};
		09D1A2271E294FE300C090A5 /* Release */ = {
			isa = XCBuildConfiguration;
			buildSettings = {
				ASSETCATALOG_COMPILER_APPICON_NAME = AppIcon;
				DEVELOPMENT_TEAM = X85M3GJSM3;
				INFOPLIST_FILE = AppTestTableViewMasterDetail/Info.plist;
				LD_RUNPATH_SEARCH_PATHS = "$(inherited) @executable_path/Frameworks";
				PRODUCT_BUNDLE_IDENTIFIER = com.cice.gmbdesigns.ios.AppTestTableViewMasterDetail;
				PRODUCT_NAME = "$(TARGET_NAME)";
				SWIFT_VERSION = 3.0;
			};
			name = Release;
		};
/* End XCBuildConfiguration section */

/* Begin XCConfigurationList section */
		09D1A20E1E294FE300C090A5 /* Build configuration list for PBXProject "AppTestTableViewMasterDetail" */ = {
			isa = XCConfigurationList;
			buildConfigurations = (
				09D1A2231E294FE300C090A5 /* Debug */,
				09D1A2241E294FE300C090A5 /* Release */,
			);
			defaultConfigurationIsVisible = 0;
			defaultConfigurationName = Release;
		};
		09D1A2251E294FE300C090A5 /* Build configuration list for PBXNativeTarget "AppTestTableViewMasterDetail" */ = {
			isa = XCConfigurationList;
			buildConfigurations = (
				09D1A2261E294FE300C090A5 /* Debug */,
				09D1A2271E294FE300C090A5 /* Release */,
			);
			defaultConfigurationIsVisible = 0;
			defaultConfigurationName = Release;
		};
/* End XCConfigurationList section */
	};
	rootObject = 09D1A20B1E294FE300C090A5 /* Project object */;
}
